// !$*UTF8*$!
{
	archiveVersion = 1;
	classes = {
	};
	objectVersion = 50;
	objects = {

/* Begin PBXBuildFile section */
		1162B6962627BF9E00907305 /* AppDelegate.swift in Sources */ = {isa = PBXBuildFile; fileRef = 1162B6952627BF9E00907305 /* AppDelegate.swift */; };
		1162B6982627BF9E00907305 /* SceneDelegate.swift in Sources */ = {isa = PBXBuildFile; fileRef = 1162B6972627BF9E00907305 /* SceneDelegate.swift */; };
		1162B69A2627BF9E00907305 /* HomeViewController.swift in Sources */ = {isa = PBXBuildFile; fileRef = 1162B6992627BF9E00907305 /* HomeViewController.swift */; };
		1162B69F2627BF9F00907305 /* Assets.xcassets in Resources */ = {isa = PBXBuildFile; fileRef = 1162B69E2627BF9F00907305 /* Assets.xcassets */; };
		1162B6A22627BF9F00907305 /* LaunchScreen.storyboard in Resources */ = {isa = PBXBuildFile; fileRef = 1162B6A02627BF9F00907305 /* LaunchScreen.storyboard */; };
		11893D952627C514008436BF /* TabBarController.swift in Sources */ = {isa = PBXBuildFile; fileRef = 11893D942627C514008436BF /* TabBarController.swift */; };
		11893D992627C568008436BF /* SearchViewController.swift in Sources */ = {isa = PBXBuildFile; fileRef = 11893D982627C568008436BF /* SearchViewController.swift */; };
		11893D9C2627C580008436BF /* LibraryViewController.swift in Sources */ = {isa = PBXBuildFile; fileRef = 11893D9B2627C580008436BF /* LibraryViewController.swift */; };
		11893DA32627C5EF008436BF /* AuthViewController.swift in Sources */ = {isa = PBXBuildFile; fileRef = 11893DA22627C5EF008436BF /* AuthViewController.swift */; };
		11893DA62627C600008436BF /* WelcomeViewController.swift in Sources */ = {isa = PBXBuildFile; fileRef = 11893DA52627C600008436BF /* WelcomeViewController.swift */; };
		11893DA92627C61E008436BF /* SettingsViewController.swift in Sources */ = {isa = PBXBuildFile; fileRef = 11893DA82627C61E008436BF /* SettingsViewController.swift */; };
		11893DAC2627C635008436BF /* ProfileViewController.swift in Sources */ = {isa = PBXBuildFile; fileRef = 11893DAB2627C635008436BF /* ProfileViewController.swift */; };
		11893DAF2627C64A008436BF /* PlayerViewController.swift in Sources */ = {isa = PBXBuildFile; fileRef = 11893DAE2627C64A008436BF /* PlayerViewController.swift */; };
		11893DB22627C660008436BF /* PlaylistViewController.swift in Sources */ = {isa = PBXBuildFile; fileRef = 11893DB12627C660008436BF /* PlaylistViewController.swift */; };
		11893DB52627C685008436BF /* SearchResultsViewController.swift in Sources */ = {isa = PBXBuildFile; fileRef = 11893DB42627C685008436BF /* SearchResultsViewController.swift */; };
		11893DB82627C6A6008436BF /* AuthManager.swift in Sources */ = {isa = PBXBuildFile; fileRef = 11893DB72627C6A6008436BF /* AuthManager.swift */; };
		11893DBB2627C6C7008436BF /* APICaller.swift in Sources */ = {isa = PBXBuildFile; fileRef = 11893DBA2627C6C7008436BF /* APICaller.swift */; };
		11893DBE2627C6D9008436BF /* HapticsManager.swift in Sources */ = {isa = PBXBuildFile; fileRef = 11893DBD2627C6D9008436BF /* HapticsManager.swift */; };
		11893DC12627C6FD008436BF /* Playlist.swift in Sources */ = {isa = PBXBuildFile; fileRef = 11893DC02627C6FD008436BF /* Playlist.swift */; };
		11893DC42627C714008436BF /* AudioTrack.swift in Sources */ = {isa = PBXBuildFile; fileRef = 11893DC32627C714008436BF /* AudioTrack.swift */; };
		11893DC72627C721008436BF /* Artist.swift in Sources */ = {isa = PBXBuildFile; fileRef = 11893DC62627C721008436BF /* Artist.swift */; };
		11893DCA2627C730008436BF /* UserProfile.swift in Sources */ = {isa = PBXBuildFile; fileRef = 11893DC92627C730008436BF /* UserProfile.swift */; };
		11893DCF2627D71A008436BF /* Extensions.swift in Sources */ = {isa = PBXBuildFile; fileRef = 11893DCE2627D71A008436BF /* Extensions.swift */; };
		11893DD22627F7AC008436BF /* AuthResponse.swift in Sources */ = {isa = PBXBuildFile; fileRef = 11893DD12627F7AC008436BF /* AuthResponse.swift */; };
/* End PBXBuildFile section */

/* Begin PBXFileReference section */
		1162B6922627BF9E00907305 /* Spotify.app */ = {isa = PBXFileReference; explicitFileType = wrapper.application; includeInIndex = 0; path = Spotify.app; sourceTree = BUILT_PRODUCTS_DIR; };
		1162B6952627BF9E00907305 /* AppDelegate.swift */ = {isa = PBXFileReference; lastKnownFileType = sourcecode.swift; path = AppDelegate.swift; sourceTree = "<group>"; };
		1162B6972627BF9E00907305 /* SceneDelegate.swift */ = {isa = PBXFileReference; lastKnownFileType = sourcecode.swift; path = SceneDelegate.swift; sourceTree = "<group>"; };
		1162B6992627BF9E00907305 /* HomeViewController.swift */ = {isa = PBXFileReference; lastKnownFileType = sourcecode.swift; path = HomeViewController.swift; sourceTree = "<group>"; };
		1162B69E2627BF9F00907305 /* Assets.xcassets */ = {isa = PBXFileReference; lastKnownFileType = folder.assetcatalog; path = Assets.xcassets; sourceTree = "<group>"; };
		1162B6A12627BF9F00907305 /* Base */ = {isa = PBXFileReference; lastKnownFileType = file.storyboard; name = Base; path = Base.lproj/LaunchScreen.storyboard; sourceTree = "<group>"; };
		1162B6A32627BF9F00907305 /* Info.plist */ = {isa = PBXFileReference; lastKnownFileType = text.plist.xml; path = Info.plist; sourceTree = "<group>"; };
		11893D942627C514008436BF /* TabBarController.swift */ = {isa = PBXFileReference; lastKnownFileType = sourcecode.swift; path = TabBarController.swift; sourceTree = "<group>"; };
		11893D982627C568008436BF /* SearchViewController.swift */ = {isa = PBXFileReference; lastKnownFileType = sourcecode.swift; path = SearchViewController.swift; sourceTree = "<group>"; };
		11893D9B2627C580008436BF /* LibraryViewController.swift */ = {isa = PBXFileReference; lastKnownFileType = sourcecode.swift; path = LibraryViewController.swift; sourceTree = "<group>"; };
		11893DA22627C5EF008436BF /* AuthViewController.swift */ = {isa = PBXFileReference; lastKnownFileType = sourcecode.swift; path = AuthViewController.swift; sourceTree = "<group>"; };
		11893DA52627C600008436BF /* WelcomeViewController.swift */ = {isa = PBXFileReference; lastKnownFileType = sourcecode.swift; path = WelcomeViewController.swift; sourceTree = "<group>"; };
		11893DA82627C61E008436BF /* SettingsViewController.swift */ = {isa = PBXFileReference; lastKnownFileType = sourcecode.swift; path = SettingsViewController.swift; sourceTree = "<group>"; };
		11893DAB2627C635008436BF /* ProfileViewController.swift */ = {isa = PBXFileReference; lastKnownFileType = sourcecode.swift; path = ProfileViewController.swift; sourceTree = "<group>"; };
		11893DAE2627C64A008436BF /* PlayerViewController.swift */ = {isa = PBXFileReference; lastKnownFileType = sourcecode.swift; path = PlayerViewController.swift; sourceTree = "<group>"; };
		11893DB12627C660008436BF /* PlaylistViewController.swift */ = {isa = PBXFileReference; lastKnownFileType = sourcecode.swift; path = PlaylistViewController.swift; sourceTree = "<group>"; };
		11893DB42627C685008436BF /* SearchResultsViewController.swift */ = {isa = PBXFileReference; lastKnownFileType = sourcecode.swift; path = SearchResultsViewController.swift; sourceTree = "<group>"; };
		11893DB72627C6A6008436BF /* AuthManager.swift */ = {isa = PBXFileReference; lastKnownFileType = sourcecode.swift; path = AuthManager.swift; sourceTree = "<group>"; };
		11893DBA2627C6C7008436BF /* APICaller.swift */ = {isa = PBXFileReference; lastKnownFileType = sourcecode.swift; path = APICaller.swift; sourceTree = "<group>"; };
		11893DBD2627C6D9008436BF /* HapticsManager.swift */ = {isa = PBXFileReference; lastKnownFileType = sourcecode.swift; path = HapticsManager.swift; sourceTree = "<group>"; };
		11893DC02627C6FD008436BF /* Playlist.swift */ = {isa = PBXFileReference; lastKnownFileType = sourcecode.swift; path = Playlist.swift; sourceTree = "<group>"; };
		11893DC32627C714008436BF /* AudioTrack.swift */ = {isa = PBXFileReference; lastKnownFileType = sourcecode.swift; path = AudioTrack.swift; sourceTree = "<group>"; };
		11893DC62627C721008436BF /* Artist.swift */ = {isa = PBXFileReference; lastKnownFileType = sourcecode.swift; path = Artist.swift; sourceTree = "<group>"; };
		11893DC92627C730008436BF /* UserProfile.swift */ = {isa = PBXFileReference; lastKnownFileType = sourcecode.swift; path = UserProfile.swift; sourceTree = "<group>"; };
		11893DCE2627D71A008436BF /* Extensions.swift */ = {isa = PBXFileReference; lastKnownFileType = sourcecode.swift; path = Extensions.swift; sourceTree = "<group>"; };
		11893DD12627F7AC008436BF /* AuthResponse.swift */ = {isa = PBXFileReference; lastKnownFileType = sourcecode.swift; path = AuthResponse.swift; sourceTree = "<group>"; };
/* End PBXFileReference section */

/* Begin PBXFrameworksBuildPhase section */
		1162B68F2627BF9E00907305 /* Frameworks */ = {
			isa = PBXFrameworksBuildPhase;
			buildActionMask = 2147483647;
			files = (
			);
			runOnlyForDeploymentPostprocessing = 0;
		};
/* End PBXFrameworksBuildPhase section */

/* Begin PBXGroup section */
		1162B6892627BF9E00907305 = {
			isa = PBXGroup;
			children = (
				1162B6942627BF9E00907305 /* Spotify */,
				1162B6932627BF9E00907305 /* Products */,
			);
			sourceTree = "<group>";
		};
		1162B6932627BF9E00907305 /* Products */ = {
			isa = PBXGroup;
			children = (
				1162B6922627BF9E00907305 /* Spotify.app */,
			);
			name = Products;
			sourceTree = "<group>";
		};
		1162B6942627BF9E00907305 /* Spotify */ = {
			isa = PBXGroup;
			children = (
				1162B6B12627C08D00907305 /* Resources */,
				1162B6AB2627C02400907305 /* Models */,
				1162B6AF2627C06900907305 /* Managers */,
				1162B6AD2627C03200907305 /* Views */,
				1162B6AE2627C03D00907305 /* ViewModels */,
				1162B6AC2627C02B00907305 /* Controllers */,
				1162B6A32627BF9F00907305 /* Info.plist */,
			);
			path = Spotify;
			sourceTree = "<group>";
		};
		1162B6AB2627C02400907305 /* Models */ = {
			isa = PBXGroup;
			children = (
				11893DC02627C6FD008436BF /* Playlist.swift */,
				11893DC32627C714008436BF /* AudioTrack.swift */,
				11893DC62627C721008436BF /* Artist.swift */,
				11893DC92627C730008436BF /* UserProfile.swift */,
				11893DD12627F7AC008436BF /* AuthResponse.swift */,
			);
			path = Models;
			sourceTree = "<group>";
		};
		1162B6AC2627C02B00907305 /* Controllers */ = {
			isa = PBXGroup;
			children = (
				11893DA12627C5CE008436BF /* Other */,
				11893D9F2627C5B6008436BF /* Core */,
			);
			path = Controllers;
			sourceTree = "<group>";
		};
		1162B6AD2627C03200907305 /* Views */ = {
			isa = PBXGroup;
			children = (
				1162B6A02627BF9F00907305 /* LaunchScreen.storyboard */,
			);
			path = Views;
			sourceTree = "<group>";
		};
		1162B6AE2627C03D00907305 /* ViewModels */ = {
			isa = PBXGroup;
			children = (
			);
			path = ViewModels;
			sourceTree = "<group>";
		};
		1162B6AF2627C06900907305 /* Managers */ = {
			isa = PBXGroup;
			children = (
				11893DB72627C6A6008436BF /* AuthManager.swift */,
				11893DBA2627C6C7008436BF /* APICaller.swift */,
				11893DBD2627C6D9008436BF /* HapticsManager.swift */,
			);
			path = Managers;
			sourceTree = "<group>";
		};
		1162B6B12627C08D00907305 /* Resources */ = {
			isa = PBXGroup;
			children = (
				1162B69E2627BF9F00907305 /* Assets.xcassets */,
				1162B6952627BF9E00907305 /* AppDelegate.swift */,
				1162B6972627BF9E00907305 /* SceneDelegate.swift */,
				11893DCE2627D71A008436BF /* Extensions.swift */,
			);
			path = Resources;
			sourceTree = "<group>";
		};
		11893D9F2627C5B6008436BF /* Core */ = {
			isa = PBXGroup;
			children = (
				11893D942627C514008436BF /* TabBarController.swift */,
				1162B6992627BF9E00907305 /* HomeViewController.swift */,
				11893D982627C568008436BF /* SearchViewController.swift */,
				11893D9B2627C580008436BF /* LibraryViewController.swift */,
			);
			path = Core;
			sourceTree = "<group>";
		};
		11893DA12627C5CE008436BF /* Other */ = {
			isa = PBXGroup;
			children = (
				11893DA22627C5EF008436BF /* AuthViewController.swift */,
				11893DA52627C600008436BF /* WelcomeViewController.swift */,
				11893DA82627C61E008436BF /* SettingsViewController.swift */,
				11893DAB2627C635008436BF /* ProfileViewController.swift */,
				11893DAE2627C64A008436BF /* PlayerViewController.swift */,
				11893DB12627C660008436BF /* PlaylistViewController.swift */,
				11893DB42627C685008436BF /* SearchResultsViewController.swift */,
			);
			path = Other;
			sourceTree = "<group>";
		};
/* End PBXGroup section */

/* Begin PBXNativeTarget section */
		1162B6912627BF9E00907305 /* Spotify */ = {
			isa = PBXNativeTarget;
			buildConfigurationList = 1162B6A62627BF9F00907305 /* Build configuration list for PBXNativeTarget "Spotify" */;
			buildPhases = (
				1162B68E2627BF9E00907305 /* Sources */,
				1162B68F2627BF9E00907305 /* Frameworks */,
				1162B6902627BF9E00907305 /* Resources */,
			);
			buildRules = (
			);
			dependencies = (
			);
			name = Spotify;
			productName = Spotify;
			productReference = 1162B6922627BF9E00907305 /* Spotify.app */;
			productType = "com.apple.product-type.application";
		};
/* End PBXNativeTarget section */

/* Begin PBXProject section */
		1162B68A2627BF9E00907305 /* Project object */ = {
			isa = PBXProject;
			attributes = {
				LastSwiftUpdateCheck = 1240;
				LastUpgradeCheck = 1240;
				TargetAttributes = {
					1162B6912627BF9E00907305 = {
						CreatedOnToolsVersion = 12.4;
					};
				};
			};
			buildConfigurationList = 1162B68D2627BF9E00907305 /* Build configuration list for PBXProject "Spotify" */;
			compatibilityVersion = "Xcode 9.3";
			developmentRegion = en;
			hasScannedForEncodings = 0;
			knownRegions = (
				en,
				Base,
			);
			mainGroup = 1162B6892627BF9E00907305;
			productRefGroup = 1162B6932627BF9E00907305 /* Products */;
			projectDirPath = "";
			projectRoot = "";
			targets = (
				1162B6912627BF9E00907305 /* Spotify */,
			);
		};
/* End PBXProject section */

/* Begin PBXResourcesBuildPhase section */
		1162B6902627BF9E00907305 /* Resources */ = {
			isa = PBXResourcesBuildPhase;
			buildActionMask = 2147483647;
			files = (
				1162B6A22627BF9F00907305 /* LaunchScreen.storyboard in Resources */,
				1162B69F2627BF9F00907305 /* Assets.xcassets in Resources */,
			);
			runOnlyForDeploymentPostprocessing = 0;
		};
/* End PBXResourcesBuildPhase section */

/* Begin PBXSourcesBuildPhase section */
		1162B68E2627BF9E00907305 /* Sources */ = {
			isa = PBXSourcesBuildPhase;
			buildActionMask = 2147483647;
			files = (
				11893D992627C568008436BF /* SearchViewController.swift in Sources */,
				11893DC12627C6FD008436BF /* Playlist.swift in Sources */,
				11893DB82627C6A6008436BF /* AuthManager.swift in Sources */,
				11893DB52627C685008436BF /* SearchResultsViewController.swift in Sources */,
				11893DA62627C600008436BF /* WelcomeViewController.swift in Sources */,
				11893DAC2627C635008436BF /* ProfileViewController.swift in Sources */,
				11893D952627C514008436BF /* TabBarController.swift in Sources */,
				11893DBE2627C6D9008436BF /* HapticsManager.swift in Sources */,
				11893DD22627F7AC008436BF /* AuthResponse.swift in Sources */,
				11893DC42627C714008436BF /* AudioTrack.swift in Sources */,
				1162B69A2627BF9E00907305 /* HomeViewController.swift in Sources */,
				11893DA32627C5EF008436BF /* AuthViewController.swift in Sources */,
				1162B6962627BF9E00907305 /* AppDelegate.swift in Sources */,
				11893DCA2627C730008436BF /* UserProfile.swift in Sources */,
				11893DCF2627D71A008436BF /* Extensions.swift in Sources */,
				11893D9C2627C580008436BF /* LibraryViewController.swift in Sources */,
				11893DC72627C721008436BF /* Artist.swift in Sources */,
				11893DB22627C660008436BF /* PlaylistViewController.swift in Sources */,
				1162B6982627BF9E00907305 /* SceneDelegate.swift in Sources */,
				11893DAF2627C64A008436BF /* PlayerViewController.swift in Sources */,
				11893DBB2627C6C7008436BF /* APICaller.swift in Sources */,
				11893DA92627C61E008436BF /* SettingsViewController.swift in Sources */,
			);
			runOnlyForDeploymentPostprocessing = 0;
		};
/* End PBXSourcesBuildPhase section */

/* Begin PBXVariantGroup section */
		1162B6A02627BF9F00907305 /* LaunchScreen.storyboard */ = {
			isa = PBXVariantGroup;
			children = (
				1162B6A12627BF9F00907305 /* Base */,
			);
			name = LaunchScreen.storyboard;
			sourceTree = "<group>";
		};
/* End PBXVariantGroup section */

/* Begin XCBuildConfiguration section */
		1162B6A42627BF9F00907305 /* Debug */ = {
			isa = XCBuildConfiguration;
			buildSettings = {
				ALWAYS_SEARCH_USER_PATHS = NO;
				CLANG_ANALYZER_NONNULL = YES;
				CLANG_ANALYZER_NUMBER_OBJECT_CONVERSION = YES_AGGRESSIVE;
				CLANG_CXX_LANGUAGE_STANDARD = "gnu++14";
				CLANG_CXX_LIBRARY = "libc++";
				CLANG_ENABLE_MODULES = YES;
				CLANG_ENABLE_OBJC_ARC = YES;
				CLANG_ENABLE_OBJC_WEAK = YES;
				CLANG_WARN_BLOCK_CAPTURE_AUTORELEASING = YES;
				CLANG_WARN_BOOL_CONVERSION = YES;
				CLANG_WARN_COMMA = YES;
				CLANG_WARN_CONSTANT_CONVERSION = YES;
				CLANG_WARN_DEPRECATED_OBJC_IMPLEMENTATIONS = YES;
				CLANG_WARN_DIRECT_OBJC_ISA_USAGE = YES_ERROR;
				CLANG_WARN_DOCUMENTATION_COMMENTS = YES;
				CLANG_WARN_EMPTY_BODY = YES;
				CLANG_WARN_ENUM_CONVERSION = YES;
				CLANG_WARN_INFINITE_RECURSION = YES;
				CLANG_WARN_INT_CONVERSION = YES;
				CLANG_WARN_NON_LITERAL_NULL_CONVERSION = YES;
				CLANG_WARN_OBJC_IMPLICIT_RETAIN_SELF = YES;
				CLANG_WARN_OBJC_LITERAL_CONVERSION = YES;
				CLANG_WARN_OBJC_ROOT_CLASS = YES_ERROR;
				CLANG_WARN_QUOTED_INCLUDE_IN_FRAMEWORK_HEADER = YES;
				CLANG_WARN_RANGE_LOOP_ANALYSIS = YES;
				CLANG_WARN_STRICT_PROTOTYPES = YES;
				CLANG_WARN_SUSPICIOUS_MOVE = YES;
				CLANG_WARN_UNGUARDED_AVAILABILITY = YES_AGGRESSIVE;
				CLANG_WARN_UNREACHABLE_CODE = YES;
				CLANG_WARN__DUPLICATE_METHOD_MATCH = YES;
				COPY_PHASE_STRIP = NO;
				DEBUG_INFORMATION_FORMAT = dwarf;
				ENABLE_STRICT_OBJC_MSGSEND = YES;
				ENABLE_TESTABILITY = YES;
				GCC_C_LANGUAGE_STANDARD = gnu11;
				GCC_DYNAMIC_NO_PIC = NO;
				GCC_NO_COMMON_BLOCKS = YES;
				GCC_OPTIMIZATION_LEVEL = 0;
				GCC_PREPROCESSOR_DEFINITIONS = (
					"DEBUG=1",
					"$(inherited)",
				);
				GCC_WARN_64_TO_32_BIT_CONVERSION = YES;
				GCC_WARN_ABOUT_RETURN_TYPE = YES_ERROR;
				GCC_WARN_UNDECLARED_SELECTOR = YES;
				GCC_WARN_UNINITIALIZED_AUTOS = YES_AGGRESSIVE;
				GCC_WARN_UNUSED_FUNCTION = YES;
				GCC_WARN_UNUSED_VARIABLE = YES;
				IPHONEOS_DEPLOYMENT_TARGET = 14.4;
				MTL_ENABLE_DEBUG_INFO = INCLUDE_SOURCE;
				MTL_FAST_MATH = YES;
				ONLY_ACTIVE_ARCH = YES;
				SDKROOT = iphoneos;
				SWIFT_ACTIVE_COMPILATION_CONDITIONS = DEBUG;
				SWIFT_OPTIMIZATION_LEVEL = "-Onone";
			};
			name = Debug;
		};
		1162B6A52627BF9F00907305 /* Release */ = {
			isa = XCBuildConfiguration;
			buildSettings = {
				ALWAYS_SEARCH_USER_PATHS = NO;
				CLANG_ANALYZER_NONNULL = YES;
				CLANG_ANALYZER_NUMBER_OBJECT_CONVERSION = YES_AGGRESSIVE;
				CLANG_CXX_LANGUAGE_STANDARD = "gnu++14";
				CLANG_CXX_LIBRARY = "libc++";
				CLANG_ENABLE_MODULES = YES;
				CLANG_ENABLE_OBJC_ARC = YES;
				CLANG_ENABLE_OBJC_WEAK = YES;
				CLANG_WARN_BLOCK_CAPTURE_AUTORELEASING = YES;
				CLANG_WARN_BOOL_CONVERSION = YES;
				CLANG_WARN_COMMA = YES;
				CLANG_WARN_CONSTANT_CONVERSION = YES;
				CLANG_WARN_DEPRECATED_OBJC_IMPLEMENTATIONS = YES;
				CLANG_WARN_DIRECT_OBJC_ISA_USAGE = YES_ERROR;
				CLANG_WARN_DOCUMENTATION_COMMENTS = YES;
				CLANG_WARN_EMPTY_BODY = YES;
				CLANG_WARN_ENUM_CONVERSION = YES;
				CLANG_WARN_INFINITE_RECURSION = YES;
				CLANG_WARN_INT_CONVERSION = YES;
				CLANG_WARN_NON_LITERAL_NULL_CONVERSION = YES;
				CLANG_WARN_OBJC_IMPLICIT_RETAIN_SELF = YES;
				CLANG_WARN_OBJC_LITERAL_CONVERSION = YES;
				CLANG_WARN_OBJC_ROOT_CLASS = YES_ERROR;
				CLANG_WARN_QUOTED_INCLUDE_IN_FRAMEWORK_HEADER = YES;
				CLANG_WARN_RANGE_LOOP_ANALYSIS = YES;
				CLANG_WARN_STRICT_PROTOTYPES = YES;
				CLANG_WARN_SUSPICIOUS_MOVE = YES;
				CLANG_WARN_UNGUARDED_AVAILABILITY = YES_AGGRESSIVE;
				CLANG_WARN_UNREACHABLE_CODE = YES;
				CLANG_WARN__DUPLICATE_METHOD_MATCH = YES;
				COPY_PHASE_STRIP = NO;
				DEBUG_INFORMATION_FORMAT = "dwarf-with-dsym";
				ENABLE_NS_ASSERTIONS = NO;
				ENABLE_STRICT_OBJC_MSGSEND = YES;
				GCC_C_LANGUAGE_STANDARD = gnu11;
				GCC_NO_COMMON_BLOCKS = YES;
				GCC_WARN_64_TO_32_BIT_CONVERSION = YES;
				GCC_WARN_ABOUT_RETURN_TYPE = YES_ERROR;
				GCC_WARN_UNDECLARED_SELECTOR = YES;
				GCC_WARN_UNINITIALIZED_AUTOS = YES_AGGRESSIVE;
				GCC_WARN_UNUSED_FUNCTION = YES;
				GCC_WARN_UNUSED_VARIABLE = YES;
				IPHONEOS_DEPLOYMENT_TARGET = 14.4;
				MTL_ENABLE_DEBUG_INFO = NO;
				MTL_FAST_MATH = YES;
				SDKROOT = iphoneos;
				SWIFT_COMPILATION_MODE = wholemodule;
				SWIFT_OPTIMIZATION_LEVEL = "-O";
				VALIDATE_PRODUCT = YES;
			};
			name = Release;
		};
		1162B6A72627BF9F00907305 /* Debug */ = {
			isa = XCBuildConfiguration;
			buildSettings = {
				ASSETCATALOG_COMPILER_APPICON_NAME = AppIcon;
				ASSETCATALOG_COMPILER_GLOBAL_ACCENT_COLOR_NAME = AccentColor;
				CODE_SIGN_STYLE = Automatic;
				DEVELOPMENT_TEAM = 7ZBHT89JPN;
				INFOPLIST_FILE = Spotify/Info.plist;
				IPHONEOS_DEPLOYMENT_TARGET = 14.4;
				LD_RUNPATH_SEARCH_PATHS = (
					"$(inherited)",
					"@executable_path/Frameworks",
				);
				PRODUCT_BUNDLE_IDENTIFIER = com.jervygu.Spotify;
				PRODUCT_NAME = "$(TARGET_NAME)";
				SWIFT_VERSION = 5.0;
				TARGETED_DEVICE_FAMILY = "1,2";
			};
			name = Debug;
		};
		1162B6A82627BF9F00907305 /* Release */ = {
			isa = XCBuildConfiguration;
			buildSettings = {
				ASSETCATALOG_COMPILER_APPICON_NAME = AppIcon;
				ASSETCATALOG_COMPILER_GLOBAL_ACCENT_COLOR_NAME = AccentColor;
				CODE_SIGN_STYLE = Automatic;
				DEVELOPMENT_TEAM = 7ZBHT89JPN;
				INFOPLIST_FILE = Spotify/Info.plist;
				IPHONEOS_DEPLOYMENT_TARGET = 14.4;
				LD_RUNPATH_SEARCH_PATHS = (
					"$(inherited)",
					"@executable_path/Frameworks",
				);
				PRODUCT_BUNDLE_IDENTIFIER = com.jervygu.Spotify;
				PRODUCT_NAME = "$(TARGET_NAME)";
				SWIFT_VERSION = 5.0;
				TARGETED_DEVICE_FAMILY = "1,2";
			};
			name = Release;
		};
/* End XCBuildConfiguration section */

/* Begin XCConfigurationList section */
		1162B68D2627BF9E00907305 /* Build configuration list for PBXProject "Spotify" */ = {
			isa = XCConfigurationList;
			buildConfigurations = (
				1162B6A42627BF9F00907305 /* Debug */,
				1162B6A52627BF9F00907305 /* Release */,
			);
			defaultConfigurationIsVisible = 0;
			defaultConfigurationName = Release;
		};
		1162B6A62627BF9F00907305 /* Build configuration list for PBXNativeTarget "Spotify" */ = {
			isa = XCConfigurationList;
			buildConfigurations = (
				1162B6A72627BF9F00907305 /* Debug */,
				1162B6A82627BF9F00907305 /* Release */,
			);
			defaultConfigurationIsVisible = 0;
			defaultConfigurationName = Release;
		};
/* End XCConfigurationList section */
	};
	rootObject = 1162B68A2627BF9E00907305 /* Project object */;
}
